
Microsoft Visual Studio Solution File, Format Version 12.00
# Visual Studio Version 17
VisualStudioVersion = 17.14.36310.24
MinimumVisualStudioVersion = 10.0.40219.1
Project("{FAE04EC0-301F-11D3-BF4B-00C04F79EFBC}") = "0718", "0718\0718.csproj", "{28B28090-705A-4E9C-A6FA-66486C9676DE}"
EndProject
Project("{FAE04EC0-301F-11D3-BF4B-00C04F79EFBC}") = "0721_2", "0721_2\0721_2.csproj", "{78CD2EF7-7A9A-4C72-990B-FEE51D341676}"
EndProject
Project("{FAE04EC0-301F-11D3-BF4B-00C04F79EFBC}") = "0721", "0721_1\0721.csproj", "{FE2890BA-8B80-ED00-39CC-D2578DF4C645}"
EndProject
Project("{FAE04EC0-301F-11D3-BF4B-00C04F79EFBC}") = "0717", "0717\0717.csproj", "{CE6FEE7C-2244-6902-34B5-9AB3290DE045}"
EndProject
Project("{FAE04EC0-301F-11D3-BF4B-00C04F79EFBC}") = "0721_3", "0721_3\0721_3.csproj", "{9CDADFD3-0212-4A05-B0E0-CBC9A2B717AE}"
EndProject
Project("{FAE04EC0-301F-11D3-BF4B-00C04F79EFBC}") = "0722", "0722\0722.csproj", "{AA1B1688-2C36-4222-A9AA-5E14FBCB70A9}"
EndProject
Project("{FAE04EC0-301F-11D3-BF4B-00C04F79EFBC}") = "0722_2", "0722_2\0722_2.csproj", "{8E4A45A5-C0E7-4650-83EB-84C67A26E912}"
EndProject
Project("{FAE04EC0-301F-11D3-BF4B-00C04F79EFBC}") = "0723", "0723\0723.csproj", "{231E371A-3403-4D9F-A7CC-7FC18D8D1063}"
EndProject
Project("{FAE04EC0-301F-11D3-BF4B-00C04F79EFBC}") = "0723_2", "0723_2\0723_2.csproj", "{C9946D6C-9DD9-4CD6-B71A-1692FC89A4B4}"
EndProject
Project("{FAE04EC0-301F-11D3-BF4B-00C04F79EFBC}") = "0724", "0724\0724.csproj", "{A68774FE-BF3E-48E5-96FB-5034588587A9}"
EndProject
Project("{FAE04EC0-301F-11D3-BF4B-00C04F79EFBC}") = "0724_2", "0724_2\0724_2.csproj", "{BBE147AD-51E4-446F-B667-7BA59F5B5065}"
EndProject
Project("{FAE04EC0-301F-11D3-BF4B-00C04F79EFBC}") = "0725", "0725\0725.csproj", "{DBBA2491-A96E-4929-B8D1-3D31DD7931B2}"
EndProject
Project("{FAE04EC0-301F-11D3-BF4B-00C04F79EFBC}") = "0725_2", "0725_2\0725_2.csproj", "{2E41F5D3-553A-48E2-9F2B-D503B12C7026}"
EndProject
Project("{FAE04EC0-301F-11D3-BF4B-00C04F79EFBC}") = "0728", "0728\0728.csproj", "{B91B060D-2461-4946-AF79-4F39DB735E2D}"
EndProject
Project("{FAE04EC0-301F-11D3-BF4B-00C04F79EFBC}") = "0728_2", "0728_2\0728_2.csproj", "{898E9173-986E-4988-8FDC-BEA9CCA35EB4}"
EndProject
Project("{FAE04EC0-301F-11D3-BF4B-00C04F79EFBC}") = "0728_3", "0728_3\0728_3.csproj", "{6EFAFB29-A86C-4BA6-AA7C-7BFE098F0F20}"
EndProject
Project("{FAE04EC0-301F-11D3-BF4B-00C04F79EFBC}") = "0811", "0811\0811.csproj", "{3CFCCC9C-1D8F-4586-9F97-76EB40C1898B}"
EndProject
Project("{FAE04EC0-301F-11D3-BF4B-00C04F79EFBC}") = "0811_2", "0811_2\0811_2.csproj", "{10A581D4-0A34-48AF-AECD-2CB875AB12C7}"
EndProject
Project("{FAE04EC0-301F-11D3-BF4B-00C04F79EFBC}") = "0811_3", "0811_3\0811_3.csproj", "{BEEFC09D-072F-4573-82DA-1B4BA0A02FC6}"
EndProject
Project("{FAE04EC0-301F-11D3-BF4B-00C04F79EFBC}") = "0812", "0812\0812.csproj", "{A745AE3E-1173-422F-AC73-F997C9955934}"
EndProject
Project("{FAE04EC0-301F-11D3-BF4B-00C04F79EFBC}") = "0812_2", "0812_2\0812_2.csproj", "{D328EE82-139D-4330-9611-022605E95832}"
EndProject
Project("{FAE04EC0-301F-11D3-BF4B-00C04F79EFBC}") = "0812_4", "0812_4\0812_4.csproj", "{E82EBC2F-EF45-4E73-90E0-BED981C187FA}"
EndProject
Project("{FAE04EC0-301F-11D3-BF4B-00C04F79EFBC}") = "Stack", "Stack\Stack.csproj", "{13F1D01F-7ED7-41F5-8FC4-5957D88E0E70}"
EndProject
Project("{FAE04EC0-301F-11D3-BF4B-00C04F79EFBC}") = "0813", "0813\0813.csproj", "{4C1D3B9A-C7A6-4803-A45D-C4579F21B5E6}"
EndProject
Global
	GlobalSection(SolutionConfigurationPlatforms) = preSolution
		Debug|Any CPU = Debug|Any CPU
		Release|Any CPU = Release|Any CPU
	EndGlobalSection
	GlobalSection(ProjectConfigurationPlatforms) = postSolution
		{28B28090-705A-4E9C-A6FA-66486C9676DE}.Debug|Any CPU.ActiveCfg = Debug|Any CPU
		{28B28090-705A-4E9C-A6FA-66486C9676DE}.Debug|Any CPU.Build.0 = Debug|Any CPU
		{28B28090-705A-4E9C-A6FA-66486C9676DE}.Release|Any CPU.ActiveCfg = Release|Any CPU
		{28B28090-705A-4E9C-A6FA-66486C9676DE}.Release|Any CPU.Build.0 = Release|Any CPU
		{78CD2EF7-7A9A-4C72-990B-FEE51D341676}.Debug|Any CPU.ActiveCfg = Debug|Any CPU
		{78CD2EF7-7A9A-4C72-990B-FEE51D341676}.Debug|Any CPU.Build.0 = Debug|Any CPU
		{78CD2EF7-7A9A-4C72-990B-FEE51D341676}.Release|Any CPU.ActiveCfg = Release|Any CPU
		{78CD2EF7-7A9A-4C72-990B-FEE51D341676}.Release|Any CPU.Build.0 = Release|Any CPU
		{FE2890BA-8B80-ED00-39CC-D2578DF4C645}.Debug|Any CPU.ActiveCfg = Debug|Any CPU
		{FE2890BA-8B80-ED00-39CC-D2578DF4C645}.Debug|Any CPU.Build.0 = Debug|Any CPU
		{FE2890BA-8B80-ED00-39CC-D2578DF4C645}.Release|Any CPU.ActiveCfg = Release|Any CPU
		{FE2890BA-8B80-ED00-39CC-D2578DF4C645}.Release|Any CPU.Build.0 = Release|Any CPU
		{CE6FEE7C-2244-6902-34B5-9AB3290DE045}.Debug|Any CPU.ActiveCfg = Debug|Any CPU
		{CE6FEE7C-2244-6902-34B5-9AB3290DE045}.Debug|Any CPU.Build.0 = Debug|Any CPU
		{CE6FEE7C-2244-6902-34B5-9AB3290DE045}.Release|Any CPU.ActiveCfg = Release|Any CPU
		{CE6FEE7C-2244-6902-34B5-9AB3290DE045}.Release|Any CPU.Build.0 = Release|Any CPU
		{9CDADFD3-0212-4A05-B0E0-CBC9A2B717AE}.Debug|Any CPU.ActiveCfg = Debug|Any CPU
		{9CDADFD3-0212-4A05-B0E0-CBC9A2B717AE}.Debug|Any CPU.Build.0 = Debug|Any CPU
		{9CDADFD3-0212-4A05-B0E0-CBC9A2B717AE}.Release|Any CPU.ActiveCfg = Release|Any CPU
		{9CDADFD3-0212-4A05-B0E0-CBC9A2B717AE}.Release|Any CPU.Build.0 = Release|Any CPU
		{AA1B1688-2C36-4222-A9AA-5E14FBCB70A9}.Debug|Any CPU.ActiveCfg = Debug|Any CPU
		{AA1B1688-2C36-4222-A9AA-5E14FBCB70A9}.Debug|Any CPU.Build.0 = Debug|Any CPU
		{AA1B1688-2C36-4222-A9AA-5E14FBCB70A9}.Release|Any CPU.ActiveCfg = Release|Any CPU
		{AA1B1688-2C36-4222-A9AA-5E14FBCB70A9}.Release|Any CPU.Build.0 = Release|Any CPU
		{8E4A45A5-C0E7-4650-83EB-84C67A26E912}.Debug|Any CPU.ActiveCfg = Debug|Any CPU
		{8E4A45A5-C0E7-4650-83EB-84C67A26E912}.Debug|Any CPU.Build.0 = Debug|Any CPU
		{8E4A45A5-C0E7-4650-83EB-84C67A26E912}.Release|Any CPU.ActiveCfg = Release|Any CPU
		{8E4A45A5-C0E7-4650-83EB-84C67A26E912}.Release|Any CPU.Build.0 = Release|Any CPU
		{231E371A-3403-4D9F-A7CC-7FC18D8D1063}.Debug|Any CPU.ActiveCfg = Debug|Any CPU
		{231E371A-3403-4D9F-A7CC-7FC18D8D1063}.Debug|Any CPU.Build.0 = Debug|Any CPU
		{231E371A-3403-4D9F-A7CC-7FC18D8D1063}.Release|Any CPU.ActiveCfg = Release|Any CPU
		{231E371A-3403-4D9F-A7CC-7FC18D8D1063}.Release|Any CPU.Build.0 = Release|Any CPU
		{C9946D6C-9DD9-4CD6-B71A-1692FC89A4B4}.Debug|Any CPU.ActiveCfg = Debug|Any CPU
		{C9946D6C-9DD9-4CD6-B71A-1692FC89A4B4}.Debug|Any CPU.Build.0 = Debug|Any CPU
		{C9946D6C-9DD9-4CD6-B71A-1692FC89A4B4}.Release|Any CPU.ActiveCfg = Release|Any CPU
		{C9946D6C-9DD9-4CD6-B71A-1692FC89A4B4}.Release|Any CPU.Build.0 = Release|Any CPU
		{A68774FE-BF3E-48E5-96FB-5034588587A9}.Debug|Any CPU.ActiveCfg = Debug|Any CPU
		{A68774FE-BF3E-48E5-96FB-5034588587A9}.Debug|Any CPU.Build.0 = Debug|Any CPU
		{A68774FE-BF3E-48E5-96FB-5034588587A9}.Release|Any CPU.ActiveCfg = Release|Any CPU
		{A68774FE-BF3E-48E5-96FB-5034588587A9}.Release|Any CPU.Build.0 = Release|Any CPU
		{BBE147AD-51E4-446F-B667-7BA59F5B5065}.Debug|Any CPU.ActiveCfg = Debug|Any CPU
		{BBE147AD-51E4-446F-B667-7BA59F5B5065}.Debug|Any CPU.Build.0 = Debug|Any CPU
		{BBE147AD-51E4-446F-B667-7BA59F5B5065}.Release|Any CPU.ActiveCfg = Release|Any CPU
		{BBE147AD-51E4-446F-B667-7BA59F5B5065}.Release|Any CPU.Build.0 = Release|Any CPU
		{DBBA2491-A96E-4929-B8D1-3D31DD7931B2}.Debug|Any CPU.ActiveCfg = Debug|Any CPU
		{DBBA2491-A96E-4929-B8D1-3D31DD7931B2}.Debug|Any CPU.Build.0 = Debug|Any CPU
		{DBBA2491-A96E-4929-B8D1-3D31DD7931B2}.Release|Any CPU.ActiveCfg = Release|Any CPU
		{DBBA2491-A96E-4929-B8D1-3D31DD7931B2}.Release|Any CPU.Build.0 = Release|Any CPU
		{2E41F5D3-553A-48E2-9F2B-D503B12C7026}.Debug|Any CPU.ActiveCfg = Debug|Any CPU
		{2E41F5D3-553A-48E2-9F2B-D503B12C7026}.Debug|Any CPU.Build.0 = Debug|Any CPU
		{2E41F5D3-553A-48E2-9F2B-D503B12C7026}.Release|Any CPU.ActiveCfg = Release|Any CPU
		{2E41F5D3-553A-48E2-9F2B-D503B12C7026}.Release|Any CPU.Build.0 = Release|Any CPU
		{B91B060D-2461-4946-AF79-4F39DB735E2D}.Debug|Any CPU.ActiveCfg = Debug|Any CPU
		{B91B060D-2461-4946-AF79-4F39DB735E2D}.Debug|Any CPU.Build.0 = Debug|Any CPU
		{B91B060D-2461-4946-AF79-4F39DB735E2D}.Release|Any CPU.ActiveCfg = Release|Any CPU
		{B91B060D-2461-4946-AF79-4F39DB735E2D}.Release|Any CPU.Build.0 = Release|Any CPU
		{898E9173-986E-4988-8FDC-BEA9CCA35EB4}.Debug|Any CPU.ActiveCfg = Debug|Any CPU
		{898E9173-986E-4988-8FDC-BEA9CCA35EB4}.Debug|Any CPU.Build.0 = Debug|Any CPU
		{898E9173-986E-4988-8FDC-BEA9CCA35EB4}.Release|Any CPU.ActiveCfg = Release|Any CPU
		{898E9173-986E-4988-8FDC-BEA9CCA35EB4}.Release|Any CPU.Build.0 = Release|Any CPU
		{6EFAFB29-A86C-4BA6-AA7C-7BFE098F0F20}.Debug|Any CPU.ActiveCfg = Debug|Any CPU
		{6EFAFB29-A86C-4BA6-AA7C-7BFE098F0F20}.Debug|Any CPU.Build.0 = Debug|Any CPU
		{6EFAFB29-A86C-4BA6-AA7C-7BFE098F0F20}.Release|Any CPU.ActiveCfg = Release|Any CPU
		{6EFAFB29-A86C-4BA6-AA7C-7BFE098F0F20}.Release|Any CPU.Build.0 = Release|Any CPU
		{3CFCCC9C-1D8F-4586-9F97-76EB40C1898B}.Debug|Any CPU.ActiveCfg = Debug|Any CPU
		{3CFCCC9C-1D8F-4586-9F97-76EB40C1898B}.Debug|Any CPU.Build.0 = Debug|Any CPU
		{3CFCCC9C-1D8F-4586-9F97-76EB40C1898B}.Release|Any CPU.ActiveCfg = Release|Any CPU
		{3CFCCC9C-1D8F-4586-9F97-76EB40C1898B}.Release|Any CPU.Build.0 = Release|Any CPU
		{10A581D4-0A34-48AF-AECD-2CB875AB12C7}.Debug|Any CPU.ActiveCfg = Debug|Any CPU
		{10A581D4-0A34-48AF-AECD-2CB875AB12C7}.Debug|Any CPU.Build.0 = Debug|Any CPU
		{10A581D4-0A34-48AF-AECD-2CB875AB12C7}.Release|Any CPU.ActiveCfg = Release|Any CPU
		{10A581D4-0A34-48AF-AECD-2CB875AB12C7}.Release|Any CPU.Build.0 = Release|Any CPU
		{BEEFC09D-072F-4573-82DA-1B4BA0A02FC6}.Debug|Any CPU.ActiveCfg = Debug|Any CPU
		{BEEFC09D-072F-4573-82DA-1B4BA0A02FC6}.Debug|Any CPU.Build.0 = Debug|Any CPU
		{BEEFC09D-072F-4573-82DA-1B4BA0A02FC6}.Release|Any CPU.ActiveCfg = Release|Any CPU
		{BEEFC09D-072F-4573-82DA-1B4BA0A02FC6}.Release|Any CPU.Build.0 = Release|Any CPU
		{A745AE3E-1173-422F-AC73-F997C9955934}.Debug|Any CPU.ActiveCfg = Debug|Any CPU
		{A745AE3E-1173-422F-AC73-F997C9955934}.Debug|Any CPU.Build.0 = Debug|Any CPU
		{A745AE3E-1173-422F-AC73-F997C9955934}.Release|Any CPU.ActiveCfg = Release|Any CPU
		{A745AE3E-1173-422F-AC73-F997C9955934}.Release|Any CPU.Build.0 = Release|Any CPU
		{D328EE82-139D-4330-9611-022605E95832}.Debug|Any CPU.ActiveCfg = Debug|Any CPU
		{D328EE82-139D-4330-9611-022605E95832}.Debug|Any CPU.Build.0 = Debug|Any CPU
		{D328EE82-139D-4330-9611-022605E95832}.Release|Any CPU.ActiveCfg = Release|Any CPU
		{D328EE82-139D-4330-9611-022605E95832}.Release|Any CPU.Build.0 = Release|Any CPU
		{E82EBC2F-EF45-4E73-90E0-BED981C187FA}.Debug|Any CPU.ActiveCfg = Debug|Any CPU
		{E82EBC2F-EF45-4E73-90E0-BED981C187FA}.Debug|Any CPU.Build.0 = Debug|Any CPU
		{E82EBC2F-EF45-4E73-90E0-BED981C187FA}.Release|Any CPU.ActiveCfg = Release|Any CPU
		{E82EBC2F-EF45-4E73-90E0-BED981C187FA}.Release|Any CPU.Build.0 = Release|Any CPU
		{13F1D01F-7ED7-41F5-8FC4-5957D88E0E70}.Debug|Any CPU.ActiveCfg = Debug|Any CPU
		{13F1D01F-7ED7-41F5-8FC4-5957D88E0E70}.Debug|Any CPU.Build.0 = Debug|Any CPU
		{13F1D01F-7ED7-41F5-8FC4-5957D88E0E70}.Release|Any CPU.ActiveCfg = Release|Any CPU
		{13F1D01F-7ED7-41F5-8FC4-5957D88E0E70}.Release|Any CPU.Build.0 = Release|Any CPU
		{4C1D3B9A-C7A6-4803-A45D-C4579F21B5E6}.Debug|Any CPU.ActiveCfg = Debug|Any CPU
		{4C1D3B9A-C7A6-4803-A45D-C4579F21B5E6}.Debug|Any CPU.Build.0 = Debug|Any CPU
		{4C1D3B9A-C7A6-4803-A45D-C4579F21B5E6}.Release|Any CPU.ActiveCfg = Release|Any CPU
		{4C1D3B9A-C7A6-4803-A45D-C4579F21B5E6}.Release|Any CPU.Build.0 = Release|Any CPU
	EndGlobalSection
	GlobalSection(SolutionProperties) = preSolution
		HideSolutionNode = FALSE
	EndGlobalSection
	GlobalSection(ExtensibilityGlobals) = postSolution
		SolutionGuid = {DB5A6D1C-ED36-484F-AC94-B40B2F24D36D}
	EndGlobalSection
EndGlobal
