
Microsoft Visual Studio Solution File, Format Version 12.00
# Visual Studio Version 17
VisualStudioVersion = 17.14.36310.24
MinimumVisualStudioVersion = 10.0.40219.1
Project("{FAE04EC0-301F-11D3-BF4B-00C04F79EFBC}") = "0718", "0718\0718.csproj", "{28B28090-705A-4E9C-A6FA-66486C9676DE}"
EndProject
Project("{FAE04EC0-301F-11D3-BF4B-00C04F79EFBC}") = "0721_2", "0721_2\0721_2.csproj", "{78CD2EF7-7A9A-4C72-990B-FEE51D341676}"
EndProject
Project("{FAE04EC0-301F-11D3-BF4B-00C04F79EFBC}") = "0721", "0721_1\0721.csproj", "{FE2890BA-8B80-ED00-39CC-D2578DF4C645}"
EndProject
Project("{FAE04EC0-301F-11D3-BF4B-00C04F79EFBC}") = "0717", "0717\0717.csproj", "{CE6FEE7C-2244-6902-34B5-9AB3290DE045}"
EndProject
Project("{FAE04EC0-301F-11D3-BF4B-00C04F79EFBC}") = "0721_3", "0721_3\0721_3.csproj", "{9CDADFD3-0212-4A05-B0E0-CBC9A2B717AE}"
EndProject
Project("{FAE04EC0-301F-11D3-BF4B-00C04F79EFBC}") = "0722", "0722\0722.csproj", "{AA1B1688-2C36-4222-A9AA-5E14FBCB70A9}"
EndProject
Project("{FAE04EC0-301F-11D3-BF4B-00C04F79EFBC}") = "0722_2", "0722_2\0722_2.csproj", "{8E4A45A5-C0E7-4650-83EB-84C67A26E912}"
EndProject
Project("{FAE04EC0-301F-11D3-BF4B-00C04F79EFBC}") = "0723", "0723\0723.csproj", "{231E371A-3403-4D9F-A7CC-7FC18D8D1063}"
EndProject
Project("{FAE04EC0-301F-11D3-BF4B-00C04F79EFBC}") = "0723_2", "0723_2\0723_2.csproj", "{C9946D6C-9DD9-4CD6-B71A-1692FC89A4B4}"
EndProject
Project("{FAE04EC0-301F-11D3-BF4B-00C04F79EFBC}") = "0724", "0724\0724.csproj", "{A68774FE-BF3E-48E5-96FB-5034588587A9}"
EndProject
Project("{FAE04EC0-301F-11D3-BF4B-00C04F79EFBC}") = "0724_2", "0724_2\0724_2.csproj", "{BBE147AD-51E4-446F-B667-7BA59F5B5065}"
EndProject
Project("{FAE04EC0-301F-11D3-BF4B-00C04F79EFBC}") = "0725", "0725\0725.csproj", "{DBBA2491-A96E-4929-B8D1-3D31DD7931B2}"
EndProject
Project("{FAE04EC0-301F-11D3-BF4B-00C04F79EFBC}") = "0725_2", "0725_2\0725_2.csproj", "{2E41F5D3-553A-48E2-9F2B-D503B12C7026}"
EndProject
Project("{FAE04EC0-301F-11D3-BF4B-00C04F79EFBC}") = "0728", "0728\0728.csproj", "{B91B060D-2461-4946-AF79-4F39DB735E2D}"
EndProject
Project("{FAE04EC0-301F-11D3-BF4B-00C04F79EFBC}") = "0728_2", "0728_2\0728_2.csproj", "{898E9173-986E-4988-8FDC-BEA9CCA35EB4}"
EndProject
Project("{FAE04EC0-301F-11D3-BF4B-00C04F79EFBC}") = "0728_3", "0728_3\0728_3.csproj", "{6EFAFB29-A86C-4BA6-AA7C-7BFE098F0F20}"
EndProject
Project("{FAE04EC0-301F-11D3-BF4B-00C04F79EFBC}") = "0811", "0811\0811.csproj", "{3CFCCC9C-1D8F-4586-9F97-76EB40C1898B}"
EndProject
Project("{FAE04EC0-301F-11D3-BF4B-00C04F79EFBC}") = "0811_2", "0811_2\0811_2.csproj", "{10A581D4-0A34-48AF-AECD-2CB875AB12C7}"
EndProject
Project("{FAE04EC0-301F-11D3-BF4B-00C04F79EFBC}") = "0811_3", "0811_3\0811_3.csproj", "{BEEFC09D-072F-4573-82DA-1B4BA0A02FC6}"
EndProject
Project("{FAE04EC0-301F-11D3-BF4B-00C04F79EFBC}") = "0812", "0812\0812.csproj", "{A745AE3E-1173-422F-AC73-F997C9955934}"
EndProject
Project("{FAE04EC0-301F-11D3-BF4B-00C04F79EFBC}") = "0812_2", "0812_2\0812_2.csproj", "{D328EE82-139D-4330-9611-022605E95832}"
EndProject
Project("{FAE04EC0-301F-11D3-BF4B-00C04F79EFBC}") = "0812_4", "0812_4\0812_4.csproj", "{E82EBC2F-EF45-4E73-90E0-BED981C187FA}"
EndProject
Project("{FAE04EC0-301F-11D3-BF4B-00C04F79EFBC}") = "Stack", "Stack\Stack.csproj", "{13F1D01F-7ED7-41F5-8FC4-5957D88E0E70}"
EndProject
Project("{FAE04EC0-301F-11D3-BF4B-00C04F79EFBC}") = "0813", "0813\0813.csproj", "{4C1D3B9A-C7A6-4803-A45D-C4579F21B5E6}"
EndProject
Project("{FAE04EC0-301F-11D3-BF4B-00C04F79EFBC}") = "0814", "0814\0814.csproj", "{D19BD87D-7500-453E-ADD7-9AD81EC48CB1}"
EndProject
Project("{FAE04EC0-301F-11D3-BF4B-00C04F79EFBC}") = "0814_2", "0814_2\0814_2.csproj", "{F71E3DD9-3428-481F-9544-B9EB12138FB4}"
EndProject
Project("{FAE04EC0-301F-11D3-BF4B-00C04F79EFBC}") = "0814_3", "0814_3\0814_3.csproj", "{2AE88EBC-A190-4D41-BF42-59E23A2C8781}"
EndProject
Project("{FAE04EC0-301F-11D3-BF4B-00C04F79EFBC}") = "0818", "0818\0818.csproj", "{3A222DB7-7773-4BDB-852F-75021E7CD029}"
EndProject
Project("{FAE04EC0-301F-11D3-BF4B-00C04F79EFBC}") = "0818_2", "0818_2\0818_2.csproj", "{E3A9F058-2589-4447-AABD-60F99BC4C83E}"
EndProject
Project("{FAE04EC0-301F-11D3-BF4B-00C04F79EFBC}") = "0818_3", "0818_3\0818_3.csproj", "{EC8D7012-8204-415C-831F-A4AE9305D3B6}"
EndProject
Project("{FAE04EC0-301F-11D3-BF4B-00C04F79EFBC}") = "LinkedList", "LinkedList\LinkedList.csproj", "{99E198F8-AF29-436B-B8B3-AFBE33A6A47D}"
EndProject
Project("{FAE04EC0-301F-11D3-BF4B-00C04F79EFBC}") = "0819", "0819\0819.csproj", "{EE74EF4F-4815-4C3F-8A85-E7046DD1FC25}"
EndProject
Project("{FAE04EC0-301F-11D3-BF4B-00C04F79EFBC}") = "0819_2", "0819_2\0819_2.csproj", "{4CD2F197-023A-411C-9A28-3745F61B29F5}"
EndProject
Project("{FAE04EC0-301F-11D3-BF4B-00C04F79EFBC}") = "0820", "0820\0820.csproj", "{F57AEB85-7BFD-462D-A13E-C0A9BE2AD409}"
EndProject
Project("{FAE04EC0-301F-11D3-BF4B-00C04F79EFBC}") = "0820_1", "0820_1\0820_1.csproj", "{CA676FC1-99DF-4D60-8B5A-28AAA8F5B436}"
EndProject
Project("{FAE04EC0-301F-11D3-BF4B-00C04F79EFBC}") = "0820_2", "0820_2\0820_2.csproj", "{8744DFB2-48A4-4D12-8C71-6ABE273C4148}"
EndProject
Project("{FAE04EC0-301F-11D3-BF4B-00C04F79EFBC}") = "0821", "0821\0821.csproj", "{6C1DFFFF-0509-4371-8D7B-D11A0825F748}"
EndProject
Project("{FAE04EC0-301F-11D3-BF4B-00C04F79EFBC}") = "0821_2", "0821_2\0821_2.csproj", "{10FA0C01-AE30-48A5-96DF-F9EAC65D84E0}"
EndProject
Project("{FAE04EC0-301F-11D3-BF4B-00C04F79EFBC}") = "0822", "0822\0822.csproj", "{857AFC03-A94B-4558-A92C-B530223FF635}"
EndProject
Project("{FAE04EC0-301F-11D3-BF4B-00C04F79EFBC}") = "0822_1", "0822_1\0822_1.csproj", "{CD9A42E3-D8C0-463B-9171-A08E7EE91322}"
EndProject
Project("{FAE04EC0-301F-11D3-BF4B-00C04F79EFBC}") = "0825", "0825\0825.csproj", "{DFB40FB7-0950-4DB6-88D5-088F03A25DCB}"
EndProject
Project("{FAE04EC0-301F-11D3-BF4B-00C04F79EFBC}") = "0825_2", "0825_2\0825_2.csproj", "{D0C5299A-6F71-422D-AF4B-D230CBFAD6AC}"
EndProject
Project("{FAE04EC0-301F-11D3-BF4B-00C04F79EFBC}") = "0825_3", "0825_3\0825_3.csproj", "{4913FC87-7F07-4FA5-9491-9A68BB670EEB}"
EndProject
Project("{FAE04EC0-301F-11D3-BF4B-00C04F79EFBC}") = "0825_4", "0825_4\0825_4.csproj", "{0A7342D1-D48B-43C3-9044-0B59905D8EB4}"
EndProject
Project("{FAE04EC0-301F-11D3-BF4B-00C04F79EFBC}") = "0826", "0826\0826.csproj", "{DCC03188-3785-4F5C-9946-83DB23C7D6C6}"
EndProject
Global
	GlobalSection(SolutionConfigurationPlatforms) = preSolution
		Debug|Any CPU = Debug|Any CPU
		Release|Any CPU = Release|Any CPU
	EndGlobalSection
	GlobalSection(ProjectConfigurationPlatforms) = postSolution
		{28B28090-705A-4E9C-A6FA-66486C9676DE}.Debug|Any CPU.ActiveCfg = Debug|Any CPU
		{28B28090-705A-4E9C-A6FA-66486C9676DE}.Debug|Any CPU.Build.0 = Debug|Any CPU
		{28B28090-705A-4E9C-A6FA-66486C9676DE}.Release|Any CPU.ActiveCfg = Release|Any CPU
		{28B28090-705A-4E9C-A6FA-66486C9676DE}.Release|Any CPU.Build.0 = Release|Any CPU
		{78CD2EF7-7A9A-4C72-990B-FEE51D341676}.Debug|Any CPU.ActiveCfg = Debug|Any CPU
		{78CD2EF7-7A9A-4C72-990B-FEE51D341676}.Debug|Any CPU.Build.0 = Debug|Any CPU
		{78CD2EF7-7A9A-4C72-990B-FEE51D341676}.Release|Any CPU.ActiveCfg = Release|Any CPU
		{78CD2EF7-7A9A-4C72-990B-FEE51D341676}.Release|Any CPU.Build.0 = Release|Any CPU
		{FE2890BA-8B80-ED00-39CC-D2578DF4C645}.Debug|Any CPU.ActiveCfg = Debug|Any CPU
		{FE2890BA-8B80-ED00-39CC-D2578DF4C645}.Debug|Any CPU.Build.0 = Debug|Any CPU
		{FE2890BA-8B80-ED00-39CC-D2578DF4C645}.Release|Any CPU.ActiveCfg = Release|Any CPU
		{FE2890BA-8B80-ED00-39CC-D2578DF4C645}.Release|Any CPU.Build.0 = Release|Any CPU
		{CE6FEE7C-2244-6902-34B5-9AB3290DE045}.Debug|Any CPU.ActiveCfg = Debug|Any CPU
		{CE6FEE7C-2244-6902-34B5-9AB3290DE045}.Debug|Any CPU.Build.0 = Debug|Any CPU
		{CE6FEE7C-2244-6902-34B5-9AB3290DE045}.Release|Any CPU.ActiveCfg = Release|Any CPU
		{CE6FEE7C-2244-6902-34B5-9AB3290DE045}.Release|Any CPU.Build.0 = Release|Any CPU
		{9CDADFD3-0212-4A05-B0E0-CBC9A2B717AE}.Debug|Any CPU.ActiveCfg = Debug|Any CPU
		{9CDADFD3-0212-4A05-B0E0-CBC9A2B717AE}.Debug|Any CPU.Build.0 = Debug|Any CPU
		{9CDADFD3-0212-4A05-B0E0-CBC9A2B717AE}.Release|Any CPU.ActiveCfg = Release|Any CPU
		{9CDADFD3-0212-4A05-B0E0-CBC9A2B717AE}.Release|Any CPU.Build.0 = Release|Any CPU
		{AA1B1688-2C36-4222-A9AA-5E14FBCB70A9}.Debug|Any CPU.ActiveCfg = Debug|Any CPU
		{AA1B1688-2C36-4222-A9AA-5E14FBCB70A9}.Debug|Any CPU.Build.0 = Debug|Any CPU
		{AA1B1688-2C36-4222-A9AA-5E14FBCB70A9}.Release|Any CPU.ActiveCfg = Release|Any CPU
		{AA1B1688-2C36-4222-A9AA-5E14FBCB70A9}.Release|Any CPU.Build.0 = Release|Any CPU
		{8E4A45A5-C0E7-4650-83EB-84C67A26E912}.Debug|Any CPU.ActiveCfg = Debug|Any CPU
		{8E4A45A5-C0E7-4650-83EB-84C67A26E912}.Debug|Any CPU.Build.0 = Debug|Any CPU
		{8E4A45A5-C0E7-4650-83EB-84C67A26E912}.Release|Any CPU.ActiveCfg = Release|Any CPU
		{8E4A45A5-C0E7-4650-83EB-84C67A26E912}.Release|Any CPU.Build.0 = Release|Any CPU
		{231E371A-3403-4D9F-A7CC-7FC18D8D1063}.Debug|Any CPU.ActiveCfg = Debug|Any CPU
		{231E371A-3403-4D9F-A7CC-7FC18D8D1063}.Debug|Any CPU.Build.0 = Debug|Any CPU
		{231E371A-3403-4D9F-A7CC-7FC18D8D1063}.Release|Any CPU.ActiveCfg = Release|Any CPU
		{231E371A-3403-4D9F-A7CC-7FC18D8D1063}.Release|Any CPU.Build.0 = Release|Any CPU
		{C9946D6C-9DD9-4CD6-B71A-1692FC89A4B4}.Debug|Any CPU.ActiveCfg = Debug|Any CPU
		{C9946D6C-9DD9-4CD6-B71A-1692FC89A4B4}.Debug|Any CPU.Build.0 = Debug|Any CPU
		{C9946D6C-9DD9-4CD6-B71A-1692FC89A4B4}.Release|Any CPU.ActiveCfg = Release|Any CPU
		{C9946D6C-9DD9-4CD6-B71A-1692FC89A4B4}.Release|Any CPU.Build.0 = Release|Any CPU
		{A68774FE-BF3E-48E5-96FB-5034588587A9}.Debug|Any CPU.ActiveCfg = Debug|Any CPU
		{A68774FE-BF3E-48E5-96FB-5034588587A9}.Debug|Any CPU.Build.0 = Debug|Any CPU
		{A68774FE-BF3E-48E5-96FB-5034588587A9}.Release|Any CPU.ActiveCfg = Release|Any CPU
		{A68774FE-BF3E-48E5-96FB-5034588587A9}.Release|Any CPU.Build.0 = Release|Any CPU
		{BBE147AD-51E4-446F-B667-7BA59F5B5065}.Debug|Any CPU.ActiveCfg = Debug|Any CPU
		{BBE147AD-51E4-446F-B667-7BA59F5B5065}.Debug|Any CPU.Build.0 = Debug|Any CPU
		{BBE147AD-51E4-446F-B667-7BA59F5B5065}.Release|Any CPU.ActiveCfg = Release|Any CPU
		{BBE147AD-51E4-446F-B667-7BA59F5B5065}.Release|Any CPU.Build.0 = Release|Any CPU
		{DBBA2491-A96E-4929-B8D1-3D31DD7931B2}.Debug|Any CPU.ActiveCfg = Debug|Any CPU
		{DBBA2491-A96E-4929-B8D1-3D31DD7931B2}.Debug|Any CPU.Build.0 = Debug|Any CPU
		{DBBA2491-A96E-4929-B8D1-3D31DD7931B2}.Release|Any CPU.ActiveCfg = Release|Any CPU
		{DBBA2491-A96E-4929-B8D1-3D31DD7931B2}.Release|Any CPU.Build.0 = Release|Any CPU
		{2E41F5D3-553A-48E2-9F2B-D503B12C7026}.Debug|Any CPU.ActiveCfg = Debug|Any CPU
		{2E41F5D3-553A-48E2-9F2B-D503B12C7026}.Debug|Any CPU.Build.0 = Debug|Any CPU
		{2E41F5D3-553A-48E2-9F2B-D503B12C7026}.Release|Any CPU.ActiveCfg = Release|Any CPU
		{2E41F5D3-553A-48E2-9F2B-D503B12C7026}.Release|Any CPU.Build.0 = Release|Any CPU
		{B91B060D-2461-4946-AF79-4F39DB735E2D}.Debug|Any CPU.ActiveCfg = Debug|Any CPU
		{B91B060D-2461-4946-AF79-4F39DB735E2D}.Debug|Any CPU.Build.0 = Debug|Any CPU
		{B91B060D-2461-4946-AF79-4F39DB735E2D}.Release|Any CPU.ActiveCfg = Release|Any CPU
		{B91B060D-2461-4946-AF79-4F39DB735E2D}.Release|Any CPU.Build.0 = Release|Any CPU
		{898E9173-986E-4988-8FDC-BEA9CCA35EB4}.Debug|Any CPU.ActiveCfg = Debug|Any CPU
		{898E9173-986E-4988-8FDC-BEA9CCA35EB4}.Debug|Any CPU.Build.0 = Debug|Any CPU
		{898E9173-986E-4988-8FDC-BEA9CCA35EB4}.Release|Any CPU.ActiveCfg = Release|Any CPU
		{898E9173-986E-4988-8FDC-BEA9CCA35EB4}.Release|Any CPU.Build.0 = Release|Any CPU
		{6EFAFB29-A86C-4BA6-AA7C-7BFE098F0F20}.Debug|Any CPU.ActiveCfg = Debug|Any CPU
		{6EFAFB29-A86C-4BA6-AA7C-7BFE098F0F20}.Debug|Any CPU.Build.0 = Debug|Any CPU
		{6EFAFB29-A86C-4BA6-AA7C-7BFE098F0F20}.Release|Any CPU.ActiveCfg = Release|Any CPU
		{6EFAFB29-A86C-4BA6-AA7C-7BFE098F0F20}.Release|Any CPU.Build.0 = Release|Any CPU
		{3CFCCC9C-1D8F-4586-9F97-76EB40C1898B}.Debug|Any CPU.ActiveCfg = Debug|Any CPU
		{3CFCCC9C-1D8F-4586-9F97-76EB40C1898B}.Debug|Any CPU.Build.0 = Debug|Any CPU
		{3CFCCC9C-1D8F-4586-9F97-76EB40C1898B}.Release|Any CPU.ActiveCfg = Release|Any CPU
		{3CFCCC9C-1D8F-4586-9F97-76EB40C1898B}.Release|Any CPU.Build.0 = Release|Any CPU
		{10A581D4-0A34-48AF-AECD-2CB875AB12C7}.Debug|Any CPU.ActiveCfg = Debug|Any CPU
		{10A581D4-0A34-48AF-AECD-2CB875AB12C7}.Debug|Any CPU.Build.0 = Debug|Any CPU
		{10A581D4-0A34-48AF-AECD-2CB875AB12C7}.Release|Any CPU.ActiveCfg = Release|Any CPU
		{10A581D4-0A34-48AF-AECD-2CB875AB12C7}.Release|Any CPU.Build.0 = Release|Any CPU
		{BEEFC09D-072F-4573-82DA-1B4BA0A02FC6}.Debug|Any CPU.ActiveCfg = Debug|Any CPU
		{BEEFC09D-072F-4573-82DA-1B4BA0A02FC6}.Debug|Any CPU.Build.0 = Debug|Any CPU
		{BEEFC09D-072F-4573-82DA-1B4BA0A02FC6}.Release|Any CPU.ActiveCfg = Release|Any CPU
		{BEEFC09D-072F-4573-82DA-1B4BA0A02FC6}.Release|Any CPU.Build.0 = Release|Any CPU
		{A745AE3E-1173-422F-AC73-F997C9955934}.Debug|Any CPU.ActiveCfg = Debug|Any CPU
		{A745AE3E-1173-422F-AC73-F997C9955934}.Debug|Any CPU.Build.0 = Debug|Any CPU
		{A745AE3E-1173-422F-AC73-F997C9955934}.Release|Any CPU.ActiveCfg = Release|Any CPU
		{A745AE3E-1173-422F-AC73-F997C9955934}.Release|Any CPU.Build.0 = Release|Any CPU
		{D328EE82-139D-4330-9611-022605E95832}.Debug|Any CPU.ActiveCfg = Debug|Any CPU
		{D328EE82-139D-4330-9611-022605E95832}.Debug|Any CPU.Build.0 = Debug|Any CPU
		{D328EE82-139D-4330-9611-022605E95832}.Release|Any CPU.ActiveCfg = Release|Any CPU
		{D328EE82-139D-4330-9611-022605E95832}.Release|Any CPU.Build.0 = Release|Any CPU
		{E82EBC2F-EF45-4E73-90E0-BED981C187FA}.Debug|Any CPU.ActiveCfg = Debug|Any CPU
		{E82EBC2F-EF45-4E73-90E0-BED981C187FA}.Debug|Any CPU.Build.0 = Debug|Any CPU
		{E82EBC2F-EF45-4E73-90E0-BED981C187FA}.Release|Any CPU.ActiveCfg = Release|Any CPU
		{E82EBC2F-EF45-4E73-90E0-BED981C187FA}.Release|Any CPU.Build.0 = Release|Any CPU
		{13F1D01F-7ED7-41F5-8FC4-5957D88E0E70}.Debug|Any CPU.ActiveCfg = Debug|Any CPU
		{13F1D01F-7ED7-41F5-8FC4-5957D88E0E70}.Debug|Any CPU.Build.0 = Debug|Any CPU
		{13F1D01F-7ED7-41F5-8FC4-5957D88E0E70}.Release|Any CPU.ActiveCfg = Release|Any CPU
		{13F1D01F-7ED7-41F5-8FC4-5957D88E0E70}.Release|Any CPU.Build.0 = Release|Any CPU
		{4C1D3B9A-C7A6-4803-A45D-C4579F21B5E6}.Debug|Any CPU.ActiveCfg = Debug|Any CPU
		{4C1D3B9A-C7A6-4803-A45D-C4579F21B5E6}.Debug|Any CPU.Build.0 = Debug|Any CPU
		{4C1D3B9A-C7A6-4803-A45D-C4579F21B5E6}.Release|Any CPU.ActiveCfg = Release|Any CPU
		{4C1D3B9A-C7A6-4803-A45D-C4579F21B5E6}.Release|Any CPU.Build.0 = Release|Any CPU
		{D19BD87D-7500-453E-ADD7-9AD81EC48CB1}.Debug|Any CPU.ActiveCfg = Debug|Any CPU
		{D19BD87D-7500-453E-ADD7-9AD81EC48CB1}.Debug|Any CPU.Build.0 = Debug|Any CPU
		{D19BD87D-7500-453E-ADD7-9AD81EC48CB1}.Release|Any CPU.ActiveCfg = Release|Any CPU
		{D19BD87D-7500-453E-ADD7-9AD81EC48CB1}.Release|Any CPU.Build.0 = Release|Any CPU
		{F71E3DD9-3428-481F-9544-B9EB12138FB4}.Debug|Any CPU.ActiveCfg = Debug|Any CPU
		{F71E3DD9-3428-481F-9544-B9EB12138FB4}.Debug|Any CPU.Build.0 = Debug|Any CPU
		{F71E3DD9-3428-481F-9544-B9EB12138FB4}.Release|Any CPU.ActiveCfg = Release|Any CPU
		{F71E3DD9-3428-481F-9544-B9EB12138FB4}.Release|Any CPU.Build.0 = Release|Any CPU
		{2AE88EBC-A190-4D41-BF42-59E23A2C8781}.Debug|Any CPU.ActiveCfg = Debug|Any CPU
		{2AE88EBC-A190-4D41-BF42-59E23A2C8781}.Debug|Any CPU.Build.0 = Debug|Any CPU
		{2AE88EBC-A190-4D41-BF42-59E23A2C8781}.Release|Any CPU.ActiveCfg = Release|Any CPU
		{2AE88EBC-A190-4D41-BF42-59E23A2C8781}.Release|Any CPU.Build.0 = Release|Any CPU
		{3A222DB7-7773-4BDB-852F-75021E7CD029}.Debug|Any CPU.ActiveCfg = Debug|Any CPU
		{3A222DB7-7773-4BDB-852F-75021E7CD029}.Debug|Any CPU.Build.0 = Debug|Any CPU
		{3A222DB7-7773-4BDB-852F-75021E7CD029}.Release|Any CPU.ActiveCfg = Release|Any CPU
		{3A222DB7-7773-4BDB-852F-75021E7CD029}.Release|Any CPU.Build.0 = Release|Any CPU
		{E3A9F058-2589-4447-AABD-60F99BC4C83E}.Debug|Any CPU.ActiveCfg = Debug|Any CPU
		{E3A9F058-2589-4447-AABD-60F99BC4C83E}.Debug|Any CPU.Build.0 = Debug|Any CPU
		{E3A9F058-2589-4447-AABD-60F99BC4C83E}.Release|Any CPU.ActiveCfg = Release|Any CPU
		{E3A9F058-2589-4447-AABD-60F99BC4C83E}.Release|Any CPU.Build.0 = Release|Any CPU
		{EC8D7012-8204-415C-831F-A4AE9305D3B6}.Debug|Any CPU.ActiveCfg = Debug|Any CPU
		{EC8D7012-8204-415C-831F-A4AE9305D3B6}.Debug|Any CPU.Build.0 = Debug|Any CPU
		{EC8D7012-8204-415C-831F-A4AE9305D3B6}.Release|Any CPU.ActiveCfg = Release|Any CPU
		{EC8D7012-8204-415C-831F-A4AE9305D3B6}.Release|Any CPU.Build.0 = Release|Any CPU
		{99E198F8-AF29-436B-B8B3-AFBE33A6A47D}.Debug|Any CPU.ActiveCfg = Debug|Any CPU
		{99E198F8-AF29-436B-B8B3-AFBE33A6A47D}.Debug|Any CPU.Build.0 = Debug|Any CPU
		{99E198F8-AF29-436B-B8B3-AFBE33A6A47D}.Release|Any CPU.ActiveCfg = Release|Any CPU
		{99E198F8-AF29-436B-B8B3-AFBE33A6A47D}.Release|Any CPU.Build.0 = Release|Any CPU
		{EE74EF4F-4815-4C3F-8A85-E7046DD1FC25}.Debug|Any CPU.ActiveCfg = Debug|Any CPU
		{EE74EF4F-4815-4C3F-8A85-E7046DD1FC25}.Debug|Any CPU.Build.0 = Debug|Any CPU
		{EE74EF4F-4815-4C3F-8A85-E7046DD1FC25}.Release|Any CPU.ActiveCfg = Release|Any CPU
		{EE74EF4F-4815-4C3F-8A85-E7046DD1FC25}.Release|Any CPU.Build.0 = Release|Any CPU
		{4CD2F197-023A-411C-9A28-3745F61B29F5}.Debug|Any CPU.ActiveCfg = Debug|Any CPU
		{4CD2F197-023A-411C-9A28-3745F61B29F5}.Debug|Any CPU.Build.0 = Debug|Any CPU
		{4CD2F197-023A-411C-9A28-3745F61B29F5}.Release|Any CPU.ActiveCfg = Release|Any CPU
		{4CD2F197-023A-411C-9A28-3745F61B29F5}.Release|Any CPU.Build.0 = Release|Any CPU
		{F57AEB85-7BFD-462D-A13E-C0A9BE2AD409}.Debug|Any CPU.ActiveCfg = Debug|Any CPU
		{F57AEB85-7BFD-462D-A13E-C0A9BE2AD409}.Debug|Any CPU.Build.0 = Debug|Any CPU
		{F57AEB85-7BFD-462D-A13E-C0A9BE2AD409}.Release|Any CPU.ActiveCfg = Release|Any CPU
		{F57AEB85-7BFD-462D-A13E-C0A9BE2AD409}.Release|Any CPU.Build.0 = Release|Any CPU
		{CA676FC1-99DF-4D60-8B5A-28AAA8F5B436}.Debug|Any CPU.ActiveCfg = Debug|Any CPU
		{CA676FC1-99DF-4D60-8B5A-28AAA8F5B436}.Debug|Any CPU.Build.0 = Debug|Any CPU
		{CA676FC1-99DF-4D60-8B5A-28AAA8F5B436}.Release|Any CPU.ActiveCfg = Release|Any CPU
		{CA676FC1-99DF-4D60-8B5A-28AAA8F5B436}.Release|Any CPU.Build.0 = Release|Any CPU
		{8744DFB2-48A4-4D12-8C71-6ABE273C4148}.Debug|Any CPU.ActiveCfg = Debug|Any CPU
		{8744DFB2-48A4-4D12-8C71-6ABE273C4148}.Debug|Any CPU.Build.0 = Debug|Any CPU
		{8744DFB2-48A4-4D12-8C71-6ABE273C4148}.Release|Any CPU.ActiveCfg = Release|Any CPU
		{8744DFB2-48A4-4D12-8C71-6ABE273C4148}.Release|Any CPU.Build.0 = Release|Any CPU
		{6C1DFFFF-0509-4371-8D7B-D11A0825F748}.Debug|Any CPU.ActiveCfg = Debug|Any CPU
		{6C1DFFFF-0509-4371-8D7B-D11A0825F748}.Debug|Any CPU.Build.0 = Debug|Any CPU
		{6C1DFFFF-0509-4371-8D7B-D11A0825F748}.Release|Any CPU.ActiveCfg = Release|Any CPU
		{6C1DFFFF-0509-4371-8D7B-D11A0825F748}.Release|Any CPU.Build.0 = Release|Any CPU
		{10FA0C01-AE30-48A5-96DF-F9EAC65D84E0}.Debug|Any CPU.ActiveCfg = Debug|Any CPU
		{10FA0C01-AE30-48A5-96DF-F9EAC65D84E0}.Debug|Any CPU.Build.0 = Debug|Any CPU
		{10FA0C01-AE30-48A5-96DF-F9EAC65D84E0}.Release|Any CPU.ActiveCfg = Release|Any CPU
		{10FA0C01-AE30-48A5-96DF-F9EAC65D84E0}.Release|Any CPU.Build.0 = Release|Any CPU
		{857AFC03-A94B-4558-A92C-B530223FF635}.Debug|Any CPU.ActiveCfg = Debug|Any CPU
		{857AFC03-A94B-4558-A92C-B530223FF635}.Debug|Any CPU.Build.0 = Debug|Any CPU
		{857AFC03-A94B-4558-A92C-B530223FF635}.Release|Any CPU.ActiveCfg = Release|Any CPU
		{857AFC03-A94B-4558-A92C-B530223FF635}.Release|Any CPU.Build.0 = Release|Any CPU
		{CD9A42E3-D8C0-463B-9171-A08E7EE91322}.Debug|Any CPU.ActiveCfg = Debug|Any CPU
		{CD9A42E3-D8C0-463B-9171-A08E7EE91322}.Debug|Any CPU.Build.0 = Debug|Any CPU
		{CD9A42E3-D8C0-463B-9171-A08E7EE91322}.Release|Any CPU.ActiveCfg = Release|Any CPU
		{CD9A42E3-D8C0-463B-9171-A08E7EE91322}.Release|Any CPU.Build.0 = Release|Any CPU
		{DFB40FB7-0950-4DB6-88D5-088F03A25DCB}.Debug|Any CPU.ActiveCfg = Debug|Any CPU
		{DFB40FB7-0950-4DB6-88D5-088F03A25DCB}.Debug|Any CPU.Build.0 = Debug|Any CPU
		{DFB40FB7-0950-4DB6-88D5-088F03A25DCB}.Release|Any CPU.ActiveCfg = Release|Any CPU
		{DFB40FB7-0950-4DB6-88D5-088F03A25DCB}.Release|Any CPU.Build.0 = Release|Any CPU
		{D0C5299A-6F71-422D-AF4B-D230CBFAD6AC}.Debug|Any CPU.ActiveCfg = Debug|Any CPU
		{D0C5299A-6F71-422D-AF4B-D230CBFAD6AC}.Debug|Any CPU.Build.0 = Debug|Any CPU
		{D0C5299A-6F71-422D-AF4B-D230CBFAD6AC}.Release|Any CPU.ActiveCfg = Release|Any CPU
		{D0C5299A-6F71-422D-AF4B-D230CBFAD6AC}.Release|Any CPU.Build.0 = Release|Any CPU
		{4913FC87-7F07-4FA5-9491-9A68BB670EEB}.Debug|Any CPU.ActiveCfg = Debug|Any CPU
		{4913FC87-7F07-4FA5-9491-9A68BB670EEB}.Debug|Any CPU.Build.0 = Debug|Any CPU
		{4913FC87-7F07-4FA5-9491-9A68BB670EEB}.Release|Any CPU.ActiveCfg = Release|Any CPU
		{4913FC87-7F07-4FA5-9491-9A68BB670EEB}.Release|Any CPU.Build.0 = Release|Any CPU
		{0A7342D1-D48B-43C3-9044-0B59905D8EB4}.Debug|Any CPU.ActiveCfg = Debug|Any CPU
		{0A7342D1-D48B-43C3-9044-0B59905D8EB4}.Debug|Any CPU.Build.0 = Debug|Any CPU
		{0A7342D1-D48B-43C3-9044-0B59905D8EB4}.Release|Any CPU.ActiveCfg = Release|Any CPU
		{0A7342D1-D48B-43C3-9044-0B59905D8EB4}.Release|Any CPU.Build.0 = Release|Any CPU
		{DCC03188-3785-4F5C-9946-83DB23C7D6C6}.Debug|Any CPU.ActiveCfg = Debug|Any CPU
		{DCC03188-3785-4F5C-9946-83DB23C7D6C6}.Debug|Any CPU.Build.0 = Debug|Any CPU
		{DCC03188-3785-4F5C-9946-83DB23C7D6C6}.Release|Any CPU.ActiveCfg = Release|Any CPU
		{DCC03188-3785-4F5C-9946-83DB23C7D6C6}.Release|Any CPU.Build.0 = Release|Any CPU
	EndGlobalSection
	GlobalSection(SolutionProperties) = preSolution
		HideSolutionNode = FALSE
	EndGlobalSection
	GlobalSection(ExtensibilityGlobals) = postSolution
		SolutionGuid = {DB5A6D1C-ED36-484F-AC94-B40B2F24D36D}
	EndGlobalSection
EndGlobal
